// !$*UTF8*$!
{
	archiveVersion = 1;
	classes = {
	};
	objectVersion = 46;
	objects = {

/* Begin PBXBuildFile section */
		AFDEC9B71A9EDAAC004A2598 /* AppDelegate.swift in Sources */ = {isa = PBXBuildFile; fileRef = AFDEC9B61A9EDAAC004A2598 /* AppDelegate.swift */; };
		AFDEC9BA1A9EDAAC004A2598 /* mnazari_project2.xcdatamodeld in Sources */ = {isa = PBXBuildFile; fileRef = AFDEC9B81A9EDAAC004A2598 /* mnazari_project2.xcdatamodeld */; };
		AFDEC9BC1A9EDAAC004A2598 /* ViewController.swift in Sources */ = {isa = PBXBuildFile; fileRef = AFDEC9BB1A9EDAAC004A2598 /* ViewController.swift */; };
		AFDEC9BF1A9EDAAC004A2598 /* Main.storyboard in Resources */ = {isa = PBXBuildFile; fileRef = AFDEC9BD1A9EDAAC004A2598 /* Main.storyboard */; };
		AFDEC9C11A9EDAAC004A2598 /* Images.xcassets in Resources */ = {isa = PBXBuildFile; fileRef = AFDEC9C01A9EDAAC004A2598 /* Images.xcassets */; };
		AFDEC9C41A9EDAAC004A2598 /* LaunchScreen.xib in Resources */ = {isa = PBXBuildFile; fileRef = AFDEC9C21A9EDAAC004A2598 /* LaunchScreen.xib */; };
		AFDEC9D01A9EDAAC004A2598 /* mnazari_project2Tests.swift in Sources */ = {isa = PBXBuildFile; fileRef = AFDEC9CF1A9EDAAC004A2598 /* mnazari_project2Tests.swift */; };
		AFDEC9DA1A9EDAC1004A2598 /* DataPacket.swift in Sources */ = {isa = PBXBuildFile; fileRef = AFDEC9D91A9EDAC1004A2598 /* DataPacket.swift */; };
		AFDEC9DC1A9EDB83004A2598 /* MPConnectionManager.swift in Sources */ = {isa = PBXBuildFile; fileRef = AFDEC9DB1A9EDB83004A2598 /* MPConnectionManager.swift */; };
/* End PBXBuildFile section */

/* Begin PBXContainerItemProxy section */
		AFDEC9CA1A9EDAAC004A2598 /* PBXContainerItemProxy */ = {
			isa = PBXContainerItemProxy;
			containerPortal = AFDEC9A91A9EDAAC004A2598 /* Project object */;
			proxyType = 1;
			remoteGlobalIDString = AFDEC9B01A9EDAAC004A2598;
			remoteInfo = mnazari_project2;
		};
/* End PBXContainerItemProxy section */

/* Begin PBXFileReference section */
		AFDEC9B11A9EDAAC004A2598 /* mnazari_project2.app */ = {isa = PBXFileReference; explicitFileType = wrapper.application; includeInIndex = 0; path = mnazari_project2.app; sourceTree = BUILT_PRODUCTS_DIR; };
		AFDEC9B51A9EDAAC004A2598 /* Info.plist */ = {isa = PBXFileReference; lastKnownFileType = text.plist.xml; path = Info.plist; sourceTree = "<group>"; };
		AFDEC9B61A9EDAAC004A2598 /* AppDelegate.swift */ = {isa = PBXFileReference; lastKnownFileType = sourcecode.swift; path = AppDelegate.swift; sourceTree = "<group>"; };
		AFDEC9B91A9EDAAC004A2598 /* mnazari_project2.xcdatamodel */ = {isa = PBXFileReference; lastKnownFileType = wrapper.xcdatamodel; path = mnazari_project2.xcdatamodel; sourceTree = "<group>"; };
		AFDEC9BB1A9EDAAC004A2598 /* ViewController.swift */ = {isa = PBXFileReference; lastKnownFileType = sourcecode.swift; path = ViewController.swift; sourceTree = "<group>"; };
		AFDEC9BE1A9EDAAC004A2598 /* Base */ = {isa = PBXFileReference; lastKnownFileType = file.storyboard; name = Base; path = Base.lproj/Main.storyboard; sourceTree = "<group>"; };
		AFDEC9C01A9EDAAC004A2598 /* Images.xcassets */ = {isa = PBXFileReference; lastKnownFileType = folder.assetcatalog; path = Images.xcassets; sourceTree = "<group>"; };
		AFDEC9C31A9EDAAC004A2598 /* Base */ = {isa = PBXFileReference; lastKnownFileType = file.xib; name = Base; path = Base.lproj/LaunchScreen.xib; sourceTree = "<group>"; };
		AFDEC9C91A9EDAAC004A2598 /* mnazari_project2Tests.xctest */ = {isa = PBXFileReference; explicitFileType = wrapper.cfbundle; includeInIndex = 0; path = mnazari_project2Tests.xctest; sourceTree = BUILT_PRODUCTS_DIR; };
		AFDEC9CE1A9EDAAC004A2598 /* Info.plist */ = {isa = PBXFileReference; lastKnownFileType = text.plist.xml; path = Info.plist; sourceTree = "<group>"; };
		AFDEC9CF1A9EDAAC004A2598 /* mnazari_project2Tests.swift */ = {isa = PBXFileReference; lastKnownFileType = sourcecode.swift; path = mnazari_project2Tests.swift; sourceTree = "<group>"; };
		AFDEC9D91A9EDAC1004A2598 /* DataPacket.swift */ = {isa = PBXFileReference; fileEncoding = 4; lastKnownFileType = sourcecode.swift; path = DataPacket.swift; sourceTree = "<group>"; };
		AFDEC9DB1A9EDB83004A2598 /* MPConnectionManager.swift */ = {isa = PBXFileReference; fileEncoding = 4; lastKnownFileType = sourcecode.swift; path = MPConnectionManager.swift; sourceTree = "<group>"; };
/* End PBXFileReference section */

/* Begin PBXFrameworksBuildPhase section */
		AFDEC9AE1A9EDAAC004A2598 /* Frameworks */ = {
			isa = PBXFrameworksBuildPhase;
			buildActionMask = 2147483647;
			files = (
			);
			runOnlyForDeploymentPostprocessing = 0;
		};
		AFDEC9C61A9EDAAC004A2598 /* Frameworks */ = {
			isa = PBXFrameworksBuildPhase;
			buildActionMask = 2147483647;
			files = (
			);
			runOnlyForDeploymentPostprocessing = 0;
		};
/* End PBXFrameworksBuildPhase section */

/* Begin PBXGroup section */
		AFDEC9A81A9EDAAC004A2598 = {
			isa = PBXGroup;
			children = (
				AFDEC9B31A9EDAAC004A2598 /* mnazari_project2 */,
				AFDEC9CC1A9EDAAC004A2598 /* mnazari_project2Tests */,
				AFDEC9B21A9EDAAC004A2598 /* Products */,
			);
			sourceTree = "<group>";
		};
		AFDEC9B21A9EDAAC004A2598 /* Products */ = {
			isa = PBXGroup;
			children = (
				AFDEC9B11A9EDAAC004A2598 /* mnazari_project2.app */,
				AFDEC9C91A9EDAAC004A2598 /* mnazari_project2Tests.xctest */,
			);
			name = Products;
			sourceTree = "<group>";
		};
		AFDEC9B31A9EDAAC004A2598 /* mnazari_project2 */ = {
			isa = PBXGroup;
			children = (
				AFDEC9B61A9EDAAC004A2598 /* AppDelegate.swift */,
				AFDEC9BB1A9EDAAC004A2598 /* ViewController.swift */,
				AFDEC9D91A9EDAC1004A2598 /* DataPacket.swift */,
				AFDEC9BD1A9EDAAC004A2598 /* Main.storyboard */,
				AFDEC9DB1A9EDB83004A2598 /* MPConnectionManager.swift */,
				AFDEC9C01A9EDAAC004A2598 /* Images.xcassets */,
				AFDEC9C21A9EDAAC004A2598 /* LaunchScreen.xib */,
				AFDEC9B81A9EDAAC004A2598 /* mnazari_project2.xcdatamodeld */,
				AFDEC9B41A9EDAAC004A2598 /* Supporting Files */,
			);
			path = mnazari_project2;
			sourceTree = "<group>";
		};
		AFDEC9B41A9EDAAC004A2598 /* Supporting Files */ = {
			isa = PBXGroup;
			children = (
				AFDEC9B51A9EDAAC004A2598 /* Info.plist */,
			);
			name = "Supporting Files";
			sourceTree = "<group>";
		};
		AFDEC9CC1A9EDAAC004A2598 /* mnazari_project2Tests */ = {
			isa = PBXGroup;
			children = (
				AFDEC9CF1A9EDAAC004A2598 /* mnazari_project2Tests.swift */,
				AFDEC9CD1A9EDAAC004A2598 /* Supporting Files */,
			);
			path = mnazari_project2Tests;
			sourceTree = "<group>";
		};
		AFDEC9CD1A9EDAAC004A2598 /* Supporting Files */ = {
			isa = PBXGroup;
			children = (
				AFDEC9CE1A9EDAAC004A2598 /* Info.plist */,
			);
			name = "Supporting Files";
			sourceTree = "<group>";
		};
/* End PBXGroup section */

/* Begin PBXNativeTarget section */
		AFDEC9B01A9EDAAC004A2598 /* mnazari_project2 */ = {
			isa = PBXNativeTarget;
			buildConfigurationList = AFDEC9D31A9EDAAC004A2598 /* Build configuration list for PBXNativeTarget "mnazari_project2" */;
			buildPhases = (
				AFDEC9AD1A9EDAAC004A2598 /* Sources */,
				AFDEC9AE1A9EDAAC004A2598 /* Frameworks */,
				AFDEC9AF1A9EDAAC004A2598 /* Resources */,
			);
			buildRules = (
			);
			dependencies = (
			);
			name = mnazari_project2;
			productName = mnazari_project2;
			productReference = AFDEC9B11A9EDAAC004A2598 /* mnazari_project2.app */;
			productType = "com.apple.product-type.application";
		};
		AFDEC9C81A9EDAAC004A2598 /* mnazari_project2Tests */ = {
			isa = PBXNativeTarget;
			buildConfigurationList = AFDEC9D61A9EDAAC004A2598 /* Build configuration list for PBXNativeTarget "mnazari_project2Tests" */;
			buildPhases = (
				AFDEC9C51A9EDAAC004A2598 /* Sources */,
				AFDEC9C61A9EDAAC004A2598 /* Frameworks */,
				AFDEC9C71A9EDAAC004A2598 /* Resources */,
			);
			buildRules = (
			);
			dependencies = (
				AFDEC9CB1A9EDAAC004A2598 /* PBXTargetDependency */,
			);
			name = mnazari_project2Tests;
			productName = mnazari_project2Tests;
			productReference = AFDEC9C91A9EDAAC004A2598 /* mnazari_project2Tests.xctest */;
			productType = "com.apple.product-type.bundle.unit-test";
		};
/* End PBXNativeTarget section */

/* Begin PBXProject section */
		AFDEC9A91A9EDAAC004A2598 /* Project object */ = {
			isa = PBXProject;
			attributes = {
				LastSwiftMigration = 0710;
				LastSwiftUpdateCheck = 0710;
				LastUpgradeCheck = 0610;
				ORGANIZATIONNAME = "Bug Catcher Studios";
				TargetAttributes = {
					AFDEC9B01A9EDAAC004A2598 = {
						CreatedOnToolsVersion = 6.1.1;
					};
					AFDEC9C81A9EDAAC004A2598 = {
						CreatedOnToolsVersion = 6.1.1;
						TestTargetID = AFDEC9B01A9EDAAC004A2598;
					};
				};
			};
			buildConfigurationList = AFDEC9AC1A9EDAAC004A2598 /* Build configuration list for PBXProject "mnazari_project2" */;
			compatibilityVersion = "Xcode 3.2";
			developmentRegion = English;
			hasScannedForEncodings = 0;
			knownRegions = (
				en,
				Base,
			);
			mainGroup = AFDEC9A81A9EDAAC004A2598;
			productRefGroup = AFDEC9B21A9EDAAC004A2598 /* Products */;
			projectDirPath = "";
			projectRoot = "";
			targets = (
				AFDEC9B01A9EDAAC004A2598 /* mnazari_project2 */,
				AFDEC9C81A9EDAAC004A2598 /* mnazari_project2Tests */,
			);
		};
/* End PBXProject section */

/* Begin PBXResourcesBuildPhase section */
		AFDEC9AF1A9EDAAC004A2598 /* Resources */ = {
			isa = PBXResourcesBuildPhase;
			buildActionMask = 2147483647;
			files = (
				AFDEC9BF1A9EDAAC004A2598 /* Main.storyboard in Resources */,
				AFDEC9C41A9EDAAC004A2598 /* LaunchScreen.xib in Resources */,
				AFDEC9C11A9EDAAC004A2598 /* Images.xcassets in Resources */,
			);
			runOnlyForDeploymentPostprocessing = 0;
		};
		AFDEC9C71A9EDAAC004A2598 /* Resources */ = {
			isa = PBXResourcesBuildPhase;
			buildActionMask = 2147483647;
			files = (
			);
			runOnlyForDeploymentPostprocessing = 0;
		};
/* End PBXResourcesBuildPhase section */

/* Begin PBXSourcesBuildPhase section */
		AFDEC9AD1A9EDAAC004A2598 /* Sources */ = {
			isa = PBXSourcesBuildPhase;
			buildActionMask = 2147483647;
			files = (
				AFDEC9BC1A9EDAAC004A2598 /* ViewController.swift in Sources */,
				AFDEC9DC1A9EDB83004A2598 /* MPConnectionManager.swift in Sources */,
				AFDEC9DA1A9EDAC1004A2598 /* DataPacket.swift in Sources */,
				AFDEC9B71A9EDAAC004A2598 /* AppDelegate.swift in Sources */,
				AFDEC9BA1A9EDAAC004A2598 /* mnazari_project2.xcdatamodeld in Sources */,
			);
			runOnlyForDeploymentPostprocessing = 0;
		};
		AFDEC9C51A9EDAAC004A2598 /* Sources */ = {
			isa = PBXSourcesBuildPhase;
			buildActionMask = 2147483647;
			files = (
				AFDEC9D01A9EDAAC004A2598 /* mnazari_project2Tests.swift in Sources */,
			);
			runOnlyForDeploymentPostprocessing = 0;
		};
/* End PBXSourcesBuildPhase section */

/* Begin PBXTargetDependency section */
		AFDEC9CB1A9EDAAC004A2598 /* PBXTargetDependency */ = {
			isa = PBXTargetDependency;
			target = AFDEC9B01A9EDAAC004A2598 /* mnazari_project2 */;
			targetProxy = AFDEC9CA1A9EDAAC004A2598 /* PBXContainerItemProxy */;
		};
/* End PBXTargetDependency section */

/* Begin PBXVariantGroup section */
		AFDEC9BD1A9EDAAC004A2598 /* Main.storyboard */ = {
			isa = PBXVariantGroup;
			children = (
				AFDEC9BE1A9EDAAC004A2598 /* Base */,
			);
			name = Main.storyboard;
			sourceTree = "<group>";
		};
		AFDEC9C21A9EDAAC004A2598 /* LaunchScreen.xib */ = {
			isa = PBXVariantGroup;
			children = (
				AFDEC9C31A9EDAAC004A2598 /* Base */,
			);
			name = LaunchScreen.xib;
			sourceTree = "<group>";
		};
/* End PBXVariantGroup section */

/* Begin XCBuildConfiguration section */
		AFDEC9D11A9EDAAC004A2598 /* Debug */ = {
			isa = XCBuildConfiguration;
			buildSettings = {
				ALWAYS_SEARCH_USER_PATHS = NO;
				CLANG_CXX_LANGUAGE_STANDARD = "gnu++0x";
				CLANG_CXX_LIBRARY = "libc++";
				CLANG_ENABLE_MODULES = YES;
				CLANG_ENABLE_OBJC_ARC = YES;
				CLANG_WARN_BOOL_CONVERSION = YES;
				CLANG_WARN_CONSTANT_CONVERSION = YES;
				CLANG_WARN_DIRECT_OBJC_ISA_USAGE = YES_ERROR;
				CLANG_WARN_EMPTY_BODY = YES;
				CLANG_WARN_ENUM_CONVERSION = YES;
				CLANG_WARN_INT_CONVERSION = YES;
				CLANG_WARN_OBJC_ROOT_CLASS = YES_ERROR;
				CLANG_WARN_UNREACHABLE_CODE = YES;
				CLANG_WARN__DUPLICATE_METHOD_MATCH = YES;
				"CODE_SIGN_IDENTITY[sdk=iphoneos*]" = "iPhone Developer";
				COPY_PHASE_STRIP = NO;
				ENABLE_STRICT_OBJC_MSGSEND = YES;
				GCC_C_LANGUAGE_STANDARD = gnu99;
				GCC_DYNAMIC_NO_PIC = NO;
				GCC_OPTIMIZATION_LEVEL = 0;
				GCC_PREPROCESSOR_DEFINITIONS = (
					"DEBUG=1",
					"$(inherited)",
				);
				GCC_SYMBOLS_PRIVATE_EXTERN = NO;
				GCC_WARN_64_TO_32_BIT_CONVERSION = YES;
				GCC_WARN_ABOUT_RETURN_TYPE = YES_ERROR;
				GCC_WARN_UNDECLARED_SELECTOR = YES;
				GCC_WARN_UNINITIALIZED_AUTOS = YES_AGGRESSIVE;
				GCC_WARN_UNUSED_FUNCTION = YES;
				GCC_WARN_UNUSED_VARIABLE = YES;
				IPHONEOS_DEPLOYMENT_TARGET = 8.1;
				MTL_ENABLE_DEBUG_INFO = YES;
				ONLY_ACTIVE_ARCH = YES;
				SDKROOT = iphoneos;
				SWIFT_OPTIMIZATION_LEVEL = "-Onone";
				TARGETED_DEVICE_FAMILY = "1,2";
			};
			name = Debug;
		};
		AFDEC9D21A9EDAAC004A2598 /* Release */ = {
			isa = XCBuildConfiguration;
			buildSettings = {
				ALWAYS_SEARCH_USER_PATHS = NO;
				CLANG_CXX_LANGUAGE_STANDARD = "gnu++0x";
				CLANG_CXX_LIBRARY = "libc++";
				CLANG_ENABLE_MODULES = YES;
				CLANG_ENABLE_OBJC_ARC = YES;
				CLANG_WARN_BOOL_CONVERSION = YES;
				CLANG_WARN_CONSTANT_CONVERSION = YES;
				CLANG_WARN_DIRECT_OBJC_ISA_USAGE = YES_ERROR;
				CLANG_WARN_EMPTY_BODY = YES;
				CLANG_WARN_ENUM_CONVERSION = YES;
				CLANG_WARN_INT_CONVERSION = YES;
				CLANG_WARN_OBJC_ROOT_CLASS = YES_ERROR;
				CLANG_WARN_UNREACHABLE_CODE = YES;
				CLANG_WARN__DUPLICATE_METHOD_MATCH = YES;
				"CODE_SIGN_IDENTITY[sdk=iphoneos*]" = "iPhone Developer";
				COPY_PHASE_STRIP = YES;
				ENABLE_NS_ASSERTIONS = NO;
				ENABLE_STRICT_OBJC_MSGSEND = YES;
				GCC_C_LANGUAGE_STANDARD = gnu99;
				GCC_WARN_64_TO_32_BIT_CONVERSION = YES;
				GCC_WARN_ABOUT_RETURN_TYPE = YES_ERROR;
				GCC_WARN_UNDECLARED_SELECTOR = YES;
				GCC_WARN_UNINITIALIZED_AUTOS = YES_AGGRESSIVE;
				GCC_WARN_UNUSED_FUNCTION = YES;
				GCC_WARN_UNUSED_VARIABLE = YES;
				IPHONEOS_DEPLOYMENT_TARGET = 8.1;
				MTL_ENABLE_DEBUG_INFO = NO;
				SDKROOT = iphoneos;
				TARGETED_DEVICE_FAMILY = "1,2";
				VALIDATE_PRODUCT = YES;
			};
			name = Release;
		};
		AFDEC9D41A9EDAAC004A2598 /* Debug */ = {
			isa = XCBuildConfiguration;
			buildSettings = {
				ASSETCATALOG_COMPILER_APPICON_NAME = AppIcon;
				INFOPLIST_FILE = mnazari_project2/Info.plist;
				LD_RUNPATH_SEARCH_PATHS = "$(inherited) @executable_path/Frameworks";
				PRODUCT_NAME = "$(TARGET_NAME)";
			};
			name = Debug;
		};
		AFDEC9D51A9EDAAC004A2598 /* Release */ = {
			isa = XCBuildConfiguration;
			buildSettings = {
				ASSETCATALOG_COMPILER_APPICON_NAME = AppIcon;
				INFOPLIST_FILE = mnazari_project2/Info.plist;
				LD_RUNPATH_SEARCH_PATHS = "$(inherited) @executable_path/Frameworks";
				PRODUCT_NAME = "$(TARGET_NAME)";
			};
			name = Release;
		};
		AFDEC9D71A9EDAAC004A2598 /* Debug */ = {
			isa = XCBuildConfiguration;
			buildSettings = {
				BUNDLE_LOADER = "$(TEST_HOST)";
				FRAMEWORK_SEARCH_PATHS = (
					"$(SDKROOT)/Developer/Library/Frameworks",
					"$(inherited)",
				);
				GCC_PREPROCESSOR_DEFINITIONS = (
					"DEBUG=1",
					"$(inherited)",
				);
				INFOPLIST_FILE = mnazari_project2Tests/Info.plist;
				LD_RUNPATH_SEARCH_PATHS = "$(inherited) @executable_path/Frameworks @loader_path/Frameworks";
				PRODUCT_NAME = "$(TARGET_NAME)";
				TEST_HOST = "$(BUILT_PRODUCTS_DIR)/mnazari_project2.app/mnazari_project2";
			};
			name = Debug;
		};
		AFDEC9D81A9EDAAC004A2598 /* Release */ = {
			isa = XCBuildConfiguration;
			buildSettings = {
				BUNDLE_LOADER = "$(TEST_HOST)";
				FRAMEWORK_SEARCH_PATHS = (
					"$(SDKROOT)/Developer/Library/Frameworks",
					"$(inherited)",
				);
				INFOPLIST_FILE = mnazari_project2Tests/Info.plist;
				LD_RUNPATH_SEARCH_PATHS = "$(inherited) @executable_path/Frameworks @loader_path/Frameworks";
				PRODUCT_NAME = "$(TARGET_NAME)";
				TEST_HOST = "$(BUILT_PRODUCTS_DIR)/mnazari_project2.app/mnazari_project2";
			};
			name = Release;
		};
/* End XCBuildConfiguration section */

/* Begin XCConfigurationList section */
		AFDEC9AC1A9EDAAC004A2598 /* Build configuration list for PBXProject "mnazari_project2" */ = {
			isa = XCConfigurationList;
			buildConfigurations = (
				AFDEC9D11A9EDAAC004A2598 /* Debug */,
				AFDEC9D21A9EDAAC004A2598 /* Release */,
			);
			defaultConfigurationIsVisible = 0;
			defaultConfigurationName = Release;
		};
		AFDEC9D31A9EDAAC004A2598 /* Build configuration list for PBXNativeTarget "mnazari_project2" */ = {
			isa = XCConfigurationList;
			buildConfigurations = (
				AFDEC9D41A9EDAAC004A2598 /* Debug */,
				AFDEC9D51A9EDAAC004A2598 /* Release */,
			);
			defaultConfigurationIsVisible = 0;
			defaultConfigurationName = Release;
		};
		AFDEC9D61A9EDAAC004A2598 /* Build configuration list for PBXNativeTarget "mnazari_project2Tests" */ = {
			isa = XCConfigurationList;
			buildConfigurations = (
				AFDEC9D71A9EDAAC004A2598 /* Debug */,
				AFDEC9D81A9EDAAC004A2598 /* Release */,
			);
			defaultConfigurationIsVisible = 0;
			defaultConfigurationName = Release;
		};
/* End XCConfigurationList section */

/* Begin XCVersionGroup section */
		AFDEC9B81A9EDAAC004A2598 /* mnazari_project2.xcdatamodeld */ = {
			isa = XCVersionGroup;
			children = (
				AFDEC9B91A9EDAAC004A2598 /* mnazari_project2.xcdatamodel */,
			);
			currentVersion = AFDEC9B91A9EDAAC004A2598 /* mnazari_project2.xcdatamodel */;
			path = mnazari_project2.xcdatamodeld;
			sourceTree = "<group>";
			versionGroupType = wrapper.xcdatamodel;
		};
/* End XCVersionGroup section */
	};
	rootObject = AFDEC9A91A9EDAAC004A2598 /* Project object */;
}
