// !$*UTF8*$!
{
	archiveVersion = 1;
	classes = {
	};
	objectVersion = 46;
	objects = {

/* Begin PBXBuildFile section */
		AFC304E61A9C393D002BA8FE /* AppDelegate.swift in Sources */ = {isa = PBXBuildFile; fileRef = AFC304E51A9C393D002BA8FE /* AppDelegate.swift */; };
		AFC304E81A9C393D002BA8FE /* ViewController.swift in Sources */ = {isa = PBXBuildFile; fileRef = AFC304E71A9C393D002BA8FE /* ViewController.swift */; };
		AFC304EB1A9C393E002BA8FE /* Main.storyboard in Resources */ = {isa = PBXBuildFile; fileRef = AFC304E91A9C393E002BA8FE /* Main.storyboard */; };
		AFC304ED1A9C393E002BA8FE /* Images.xcassets in Resources */ = {isa = PBXBuildFile; fileRef = AFC304EC1A9C393E002BA8FE /* Images.xcassets */; };
		AFC304F01A9C393E002BA8FE /* LaunchScreen.xib in Resources */ = {isa = PBXBuildFile; fileRef = AFC304EE1A9C393E002BA8FE /* LaunchScreen.xib */; };
		AFC304FC1A9C393E002BA8FE /* mnazari_project2Tests.swift in Sources */ = {isa = PBXBuildFile; fileRef = AFC304FB1A9C393E002BA8FE /* mnazari_project2Tests.swift */; };
/* End PBXBuildFile section */

/* Begin PBXContainerItemProxy section */
		AFC304F61A9C393E002BA8FE /* PBXContainerItemProxy */ = {
			isa = PBXContainerItemProxy;
			containerPortal = AFC304D81A9C393D002BA8FE /* Project object */;
			proxyType = 1;
			remoteGlobalIDString = AFC304DF1A9C393D002BA8FE;
			remoteInfo = mnazari_project2;
		};
/* End PBXContainerItemProxy section */

/* Begin PBXFileReference section */
		AFC304E01A9C393D002BA8FE /* mnazari_project2.app */ = {isa = PBXFileReference; explicitFileType = wrapper.application; includeInIndex = 0; path = mnazari_project2.app; sourceTree = BUILT_PRODUCTS_DIR; };
		AFC304E41A9C393D002BA8FE /* Info.plist */ = {isa = PBXFileReference; lastKnownFileType = text.plist.xml; path = Info.plist; sourceTree = "<group>"; };
		AFC304E51A9C393D002BA8FE /* AppDelegate.swift */ = {isa = PBXFileReference; lastKnownFileType = sourcecode.swift; path = AppDelegate.swift; sourceTree = "<group>"; };
		AFC304E71A9C393D002BA8FE /* ViewController.swift */ = {isa = PBXFileReference; lastKnownFileType = sourcecode.swift; path = ViewController.swift; sourceTree = "<group>"; };
		AFC304EA1A9C393E002BA8FE /* Base */ = {isa = PBXFileReference; lastKnownFileType = file.storyboard; name = Base; path = Base.lproj/Main.storyboard; sourceTree = "<group>"; };
		AFC304EC1A9C393E002BA8FE /* Images.xcassets */ = {isa = PBXFileReference; lastKnownFileType = folder.assetcatalog; path = Images.xcassets; sourceTree = "<group>"; };
		AFC304EF1A9C393E002BA8FE /* Base */ = {isa = PBXFileReference; lastKnownFileType = file.xib; name = Base; path = Base.lproj/LaunchScreen.xib; sourceTree = "<group>"; };
		AFC304F51A9C393E002BA8FE /* mnazari_project2Tests.xctest */ = {isa = PBXFileReference; explicitFileType = wrapper.cfbundle; includeInIndex = 0; path = mnazari_project2Tests.xctest; sourceTree = BUILT_PRODUCTS_DIR; };
		AFC304FA1A9C393E002BA8FE /* Info.plist */ = {isa = PBXFileReference; lastKnownFileType = text.plist.xml; path = Info.plist; sourceTree = "<group>"; };
		AFC304FB1A9C393E002BA8FE /* mnazari_project2Tests.swift */ = {isa = PBXFileReference; lastKnownFileType = sourcecode.swift; path = mnazari_project2Tests.swift; sourceTree = "<group>"; };
/* End PBXFileReference section */

/* Begin PBXFrameworksBuildPhase section */
		AFC304DD1A9C393D002BA8FE /* Frameworks */ = {
			isa = PBXFrameworksBuildPhase;
			buildActionMask = 2147483647;
			files = (
			);
			runOnlyForDeploymentPostprocessing = 0;
		};
		AFC304F21A9C393E002BA8FE /* Frameworks */ = {
			isa = PBXFrameworksBuildPhase;
			buildActionMask = 2147483647;
			files = (
			);
			runOnlyForDeploymentPostprocessing = 0;
		};
/* End PBXFrameworksBuildPhase section */

/* Begin PBXGroup section */
		AFC304D71A9C393D002BA8FE = {
			isa = PBXGroup;
			children = (
				AFC304E21A9C393D002BA8FE /* mnazari_project2 */,
				AFC304F81A9C393E002BA8FE /* mnazari_project2Tests */,
				AFC304E11A9C393D002BA8FE /* Products */,
			);
			sourceTree = "<group>";
		};
		AFC304E11A9C393D002BA8FE /* Products */ = {
			isa = PBXGroup;
			children = (
				AFC304E01A9C393D002BA8FE /* mnazari_project2.app */,
				AFC304F51A9C393E002BA8FE /* mnazari_project2Tests.xctest */,
			);
			name = Products;
			sourceTree = "<group>";
		};
		AFC304E21A9C393D002BA8FE /* mnazari_project2 */ = {
			isa = PBXGroup;
			children = (
				AFC304E51A9C393D002BA8FE /* AppDelegate.swift */,
				AFC304E71A9C393D002BA8FE /* ViewController.swift */,
				AFC304E91A9C393E002BA8FE /* Main.storyboard */,
				AFC304EC1A9C393E002BA8FE /* Images.xcassets */,
				AFC304EE1A9C393E002BA8FE /* LaunchScreen.xib */,
				AFC304E31A9C393D002BA8FE /* Supporting Files */,
			);
			path = mnazari_project2;
			sourceTree = "<group>";
		};
		AFC304E31A9C393D002BA8FE /* Supporting Files */ = {
			isa = PBXGroup;
			children = (
				AFC304E41A9C393D002BA8FE /* Info.plist */,
			);
			name = "Supporting Files";
			sourceTree = "<group>";
		};
		AFC304F81A9C393E002BA8FE /* mnazari_project2Tests */ = {
			isa = PBXGroup;
			children = (
				AFC304FB1A9C393E002BA8FE /* mnazari_project2Tests.swift */,
				AFC304F91A9C393E002BA8FE /* Supporting Files */,
			);
			path = mnazari_project2Tests;
			sourceTree = "<group>";
		};
		AFC304F91A9C393E002BA8FE /* Supporting Files */ = {
			isa = PBXGroup;
			children = (
				AFC304FA1A9C393E002BA8FE /* Info.plist */,
			);
			name = "Supporting Files";
			sourceTree = "<group>";
		};
/* End PBXGroup section */

/* Begin PBXNativeTarget section */
		AFC304DF1A9C393D002BA8FE /* mnazari_project2 */ = {
			isa = PBXNativeTarget;
			buildConfigurationList = AFC304FF1A9C393E002BA8FE /* Build configuration list for PBXNativeTarget "mnazari_project2" */;
			buildPhases = (
				AFC304DC1A9C393D002BA8FE /* Sources */,
				AFC304DD1A9C393D002BA8FE /* Frameworks */,
				AFC304DE1A9C393D002BA8FE /* Resources */,
			);
			buildRules = (
			);
			dependencies = (
			);
			name = mnazari_project2;
			productName = mnazari_project2;
			productReference = AFC304E01A9C393D002BA8FE /* mnazari_project2.app */;
			productType = "com.apple.product-type.application";
		};
		AFC304F41A9C393E002BA8FE /* mnazari_project2Tests */ = {
			isa = PBXNativeTarget;
			buildConfigurationList = AFC305021A9C393E002BA8FE /* Build configuration list for PBXNativeTarget "mnazari_project2Tests" */;
			buildPhases = (
				AFC304F11A9C393E002BA8FE /* Sources */,
				AFC304F21A9C393E002BA8FE /* Frameworks */,
				AFC304F31A9C393E002BA8FE /* Resources */,
			);
			buildRules = (
			);
			dependencies = (
				AFC304F71A9C393E002BA8FE /* PBXTargetDependency */,
			);
			name = mnazari_project2Tests;
			productName = mnazari_project2Tests;
			productReference = AFC304F51A9C393E002BA8FE /* mnazari_project2Tests.xctest */;
			productType = "com.apple.product-type.bundle.unit-test";
		};
/* End PBXNativeTarget section */

/* Begin PBXProject section */
		AFC304D81A9C393D002BA8FE /* Project object */ = {
			isa = PBXProject;
			attributes = {
				LastSwiftUpdateCheck = 0710;
				LastUpgradeCheck = 0610;
				ORGANIZATIONNAME = "Bug Catcher Studios";
				TargetAttributes = {
					AFC304DF1A9C393D002BA8FE = {
						CreatedOnToolsVersion = 6.1.1;
					};
					AFC304F41A9C393E002BA8FE = {
						CreatedOnToolsVersion = 6.1.1;
						TestTargetID = AFC304DF1A9C393D002BA8FE;
					};
				};
			};
			buildConfigurationList = AFC304DB1A9C393D002BA8FE /* Build configuration list for PBXProject "mnazari_project2" */;
			compatibilityVersion = "Xcode 3.2";
			developmentRegion = English;
			hasScannedForEncodings = 0;
			knownRegions = (
				en,
				Base,
			);
			mainGroup = AFC304D71A9C393D002BA8FE;
			productRefGroup = AFC304E11A9C393D002BA8FE /* Products */;
			projectDirPath = "";
			projectRoot = "";
			targets = (
				AFC304DF1A9C393D002BA8FE /* mnazari_project2 */,
				AFC304F41A9C393E002BA8FE /* mnazari_project2Tests */,
			);
		};
/* End PBXProject section */

/* Begin PBXResourcesBuildPhase section */
		AFC304DE1A9C393D002BA8FE /* Resources */ = {
			isa = PBXResourcesBuildPhase;
			buildActionMask = 2147483647;
			files = (
				AFC304EB1A9C393E002BA8FE /* Main.storyboard in Resources */,
				AFC304F01A9C393E002BA8FE /* LaunchScreen.xib in Resources */,
				AFC304ED1A9C393E002BA8FE /* Images.xcassets in Resources */,
			);
			runOnlyForDeploymentPostprocessing = 0;
		};
		AFC304F31A9C393E002BA8FE /* Resources */ = {
			isa = PBXResourcesBuildPhase;
			buildActionMask = 2147483647;
			files = (
			);
			runOnlyForDeploymentPostprocessing = 0;
		};
/* End PBXResourcesBuildPhase section */

/* Begin PBXSourcesBuildPhase section */
		AFC304DC1A9C393D002BA8FE /* Sources */ = {
			isa = PBXSourcesBuildPhase;
			buildActionMask = 2147483647;
			files = (
				AFC304E81A9C393D002BA8FE /* ViewController.swift in Sources */,
				AFC304E61A9C393D002BA8FE /* AppDelegate.swift in Sources */,
			);
			runOnlyForDeploymentPostprocessing = 0;
		};
		AFC304F11A9C393E002BA8FE /* Sources */ = {
			isa = PBXSourcesBuildPhase;
			buildActionMask = 2147483647;
			files = (
				AFC304FC1A9C393E002BA8FE /* mnazari_project2Tests.swift in Sources */,
			);
			runOnlyForDeploymentPostprocessing = 0;
		};
/* End PBXSourcesBuildPhase section */

/* Begin PBXTargetDependency section */
		AFC304F71A9C393E002BA8FE /* PBXTargetDependency */ = {
			isa = PBXTargetDependency;
			target = AFC304DF1A9C393D002BA8FE /* mnazari_project2 */;
			targetProxy = AFC304F61A9C393E002BA8FE /* PBXContainerItemProxy */;
		};
/* End PBXTargetDependency section */

/* Begin PBXVariantGroup section */
		AFC304E91A9C393E002BA8FE /* Main.storyboard */ = {
			isa = PBXVariantGroup;
			children = (
				AFC304EA1A9C393E002BA8FE /* Base */,
			);
			name = Main.storyboard;
			sourceTree = "<group>";
		};
		AFC304EE1A9C393E002BA8FE /* LaunchScreen.xib */ = {
			isa = PBXVariantGroup;
			children = (
				AFC304EF1A9C393E002BA8FE /* Base */,
			);
			name = LaunchScreen.xib;
			sourceTree = "<group>";
		};
/* End PBXVariantGroup section */

/* Begin XCBuildConfiguration section */
		AFC304FD1A9C393E002BA8FE /* Debug */ = {
			isa = XCBuildConfiguration;
			buildSettings = {
				ALWAYS_SEARCH_USER_PATHS = NO;
				CLANG_CXX_LANGUAGE_STANDARD = "gnu++0x";
				CLANG_CXX_LIBRARY = "libc++";
				CLANG_ENABLE_MODULES = YES;
				CLANG_ENABLE_OBJC_ARC = YES;
				CLANG_WARN_BOOL_CONVERSION = YES;
				CLANG_WARN_CONSTANT_CONVERSION = YES;
				CLANG_WARN_DIRECT_OBJC_ISA_USAGE = YES_ERROR;
				CLANG_WARN_EMPTY_BODY = YES;
				CLANG_WARN_ENUM_CONVERSION = YES;
				CLANG_WARN_INT_CONVERSION = YES;
				CLANG_WARN_OBJC_ROOT_CLASS = YES_ERROR;
				CLANG_WARN_UNREACHABLE_CODE = YES;
				CLANG_WARN__DUPLICATE_METHOD_MATCH = YES;
				"CODE_SIGN_IDENTITY[sdk=iphoneos*]" = "iPhone Developer";
				COPY_PHASE_STRIP = NO;
				ENABLE_STRICT_OBJC_MSGSEND = YES;
				GCC_C_LANGUAGE_STANDARD = gnu99;
				GCC_DYNAMIC_NO_PIC = NO;
				GCC_OPTIMIZATION_LEVEL = 0;
				GCC_PREPROCESSOR_DEFINITIONS = (
					"DEBUG=1",
					"$(inherited)",
				);
				GCC_SYMBOLS_PRIVATE_EXTERN = NO;
				GCC_WARN_64_TO_32_BIT_CONVERSION = YES;
				GCC_WARN_ABOUT_RETURN_TYPE = YES_ERROR;
				GCC_WARN_UNDECLARED_SELECTOR = YES;
				GCC_WARN_UNINITIALIZED_AUTOS = YES_AGGRESSIVE;
				GCC_WARN_UNUSED_FUNCTION = YES;
				GCC_WARN_UNUSED_VARIABLE = YES;
				IPHONEOS_DEPLOYMENT_TARGET = 8.1;
				MTL_ENABLE_DEBUG_INFO = YES;
				ONLY_ACTIVE_ARCH = YES;
				SDKROOT = iphoneos;
				SWIFT_OPTIMIZATION_LEVEL = "-Onone";
				TARGETED_DEVICE_FAMILY = "1,2";
			};
			name = Debug;
		};
		AFC304FE1A9C393E002BA8FE /* Release */ = {
			isa = XCBuildConfiguration;
			buildSettings = {
				ALWAYS_SEARCH_USER_PATHS = NO;
				CLANG_CXX_LANGUAGE_STANDARD = "gnu++0x";
				CLANG_CXX_LIBRARY = "libc++";
				CLANG_ENABLE_MODULES = YES;
				CLANG_ENABLE_OBJC_ARC = YES;
				CLANG_WARN_BOOL_CONVERSION = YES;
				CLANG_WARN_CONSTANT_CONVERSION = YES;
				CLANG_WARN_DIRECT_OBJC_ISA_USAGE = YES_ERROR;
				CLANG_WARN_EMPTY_BODY = YES;
				CLANG_WARN_ENUM_CONVERSION = YES;
				CLANG_WARN_INT_CONVERSION = YES;
				CLANG_WARN_OBJC_ROOT_CLASS = YES_ERROR;
				CLANG_WARN_UNREACHABLE_CODE = YES;
				CLANG_WARN__DUPLICATE_METHOD_MATCH = YES;
				"CODE_SIGN_IDENTITY[sdk=iphoneos*]" = "iPhone Developer";
				COPY_PHASE_STRIP = YES;
				ENABLE_NS_ASSERTIONS = NO;
				ENABLE_STRICT_OBJC_MSGSEND = YES;
				GCC_C_LANGUAGE_STANDARD = gnu99;
				GCC_WARN_64_TO_32_BIT_CONVERSION = YES;
				GCC_WARN_ABOUT_RETURN_TYPE = YES_ERROR;
				GCC_WARN_UNDECLARED_SELECTOR = YES;
				GCC_WARN_UNINITIALIZED_AUTOS = YES_AGGRESSIVE;
				GCC_WARN_UNUSED_FUNCTION = YES;
				GCC_WARN_UNUSED_VARIABLE = YES;
				IPHONEOS_DEPLOYMENT_TARGET = 8.1;
				MTL_ENABLE_DEBUG_INFO = NO;
				SDKROOT = iphoneos;
				TARGETED_DEVICE_FAMILY = "1,2";
				VALIDATE_PRODUCT = YES;
			};
			name = Release;
		};
		AFC305001A9C393E002BA8FE /* Debug */ = {
			isa = XCBuildConfiguration;
			buildSettings = {
				ASSETCATALOG_COMPILER_APPICON_NAME = AppIcon;
				INFOPLIST_FILE = mnazari_project2/Info.plist;
				LD_RUNPATH_SEARCH_PATHS = "$(inherited) @executable_path/Frameworks";
				PRODUCT_NAME = "$(TARGET_NAME)";
			};
			name = Debug;
		};
		AFC305011A9C393E002BA8FE /* Release */ = {
			isa = XCBuildConfiguration;
			buildSettings = {
				ASSETCATALOG_COMPILER_APPICON_NAME = AppIcon;
				INFOPLIST_FILE = mnazari_project2/Info.plist;
				LD_RUNPATH_SEARCH_PATHS = "$(inherited) @executable_path/Frameworks";
				PRODUCT_NAME = "$(TARGET_NAME)";
			};
			name = Release;
		};
		AFC305031A9C393E002BA8FE /* Debug */ = {
			isa = XCBuildConfiguration;
			buildSettings = {
				BUNDLE_LOADER = "$(TEST_HOST)";
				FRAMEWORK_SEARCH_PATHS = (
					"$(SDKROOT)/Developer/Library/Frameworks",
					"$(inherited)",
				);
				GCC_PREPROCESSOR_DEFINITIONS = (
					"DEBUG=1",
					"$(inherited)",
				);
				INFOPLIST_FILE = mnazari_project2Tests/Info.plist;
				LD_RUNPATH_SEARCH_PATHS = "$(inherited) @executable_path/Frameworks @loader_path/Frameworks";
				PRODUCT_NAME = "$(TARGET_NAME)";
				TEST_HOST = "$(BUILT_PRODUCTS_DIR)/mnazari_project2.app/mnazari_project2";
			};
			name = Debug;
		};
		AFC305041A9C393E002BA8FE /* Release */ = {
			isa = XCBuildConfiguration;
			buildSettings = {
				BUNDLE_LOADER = "$(TEST_HOST)";
				FRAMEWORK_SEARCH_PATHS = (
					"$(SDKROOT)/Developer/Library/Frameworks",
					"$(inherited)",
				);
				INFOPLIST_FILE = mnazari_project2Tests/Info.plist;
				LD_RUNPATH_SEARCH_PATHS = "$(inherited) @executable_path/Frameworks @loader_path/Frameworks";
				PRODUCT_NAME = "$(TARGET_NAME)";
				TEST_HOST = "$(BUILT_PRODUCTS_DIR)/mnazari_project2.app/mnazari_project2";
			};
			name = Release;
		};
/* End XCBuildConfiguration section */

/* Begin XCConfigurationList section */
		AFC304DB1A9C393D002BA8FE /* Build configuration list for PBXProject "mnazari_project2" */ = {
			isa = XCConfigurationList;
			buildConfigurations = (
				AFC304FD1A9C393E002BA8FE /* Debug */,
				AFC304FE1A9C393E002BA8FE /* Release */,
			);
			defaultConfigurationIsVisible = 0;
			defaultConfigurationName = Release;
		};
		AFC304FF1A9C393E002BA8FE /* Build configuration list for PBXNativeTarget "mnazari_project2" */ = {
			isa = XCConfigurationList;
			buildConfigurations = (
				AFC305001A9C393E002BA8FE /* Debug */,
				AFC305011A9C393E002BA8FE /* Release */,
			);
			defaultConfigurationIsVisible = 0;
			defaultConfigurationName = Release;
		};
		AFC305021A9C393E002BA8FE /* Build configuration list for PBXNativeTarget "mnazari_project2Tests" */ = {
			isa = XCConfigurationList;
			buildConfigurations = (
				AFC305031A9C393E002BA8FE /* Debug */,
				AFC305041A9C393E002BA8FE /* Release */,
			);
			defaultConfigurationIsVisible = 0;
			defaultConfigurationName = Release;
		};
/* End XCConfigurationList section */
	};
	rootObject = AFC304D81A9C393D002BA8FE /* Project object */;
}
